// !$*UTF8*$!
{
	archiveVersion = 1;
	classes = {
	};
	objectVersion = 55;
	objects = {

/* Begin PBXBuildFile section */
		63FD8280281C1383000CAB65 /* AppDelegate.swift in Sources */ = {isa = PBXBuildFile; fileRef = 63FD827F281C1383000CAB65 /* AppDelegate.swift */; };
		63FD8282281C1383000CAB65 /* SceneDelegate.swift in Sources */ = {isa = PBXBuildFile; fileRef = 63FD8281281C1383000CAB65 /* SceneDelegate.swift */; };
		63FD8284281C1383000CAB65 /* HomeVC.swift in Sources */ = {isa = PBXBuildFile; fileRef = 63FD8283281C1383000CAB65 /* HomeVC.swift */; };
		63FD8289281C1384000CAB65 /* Assets.xcassets in Resources */ = {isa = PBXBuildFile; fileRef = 63FD8288281C1384000CAB65 /* Assets.xcassets */; };
		63FD829B281C1534000CAB65 /* HomeInteractor.swift in Sources */ = {isa = PBXBuildFile; fileRef = 63FD829A281C1534000CAB65 /* HomeInteractor.swift */; };
		63FD829D281C1547000CAB65 /* HomePresenter.swift in Sources */ = {isa = PBXBuildFile; fileRef = 63FD829C281C1547000CAB65 /* HomePresenter.swift */; };
		63FD829F281C1553000CAB65 /* HomeRouter.swift in Sources */ = {isa = PBXBuildFile; fileRef = 63FD829E281C1553000CAB65 /* HomeRouter.swift */; };
		63FD82A1281C1564000CAB65 /* HomeBuilder.swift in Sources */ = {isa = PBXBuildFile; fileRef = 63FD82A0281C1564000CAB65 /* HomeBuilder.swift */; };
		63FD82A3281C1618000CAB65 /* NavigationBuilder.swift in Sources */ = {isa = PBXBuildFile; fileRef = 63FD82A2281C1618000CAB65 /* NavigationBuilder.swift */; };
		63FD82A5281C1823000CAB65 /* WebService.swift in Sources */ = {isa = PBXBuildFile; fileRef = 63FD82A4281C1823000CAB65 /* WebService.swift */; };
		63FD82A7281C1887000CAB65 /* GroceryModel.swift in Sources */ = {isa = PBXBuildFile; fileRef = 63FD82A6281C1887000CAB65 /* GroceryModel.swift */; };
		63FD82AA281C1A0E000CAB65 /* HomeTableCell.swift in Sources */ = {isa = PBXBuildFile; fileRef = 63FD82A9281C1A0E000CAB65 /* HomeTableCell.swift */; };
		63FD82AC281C1A32000CAB65 /* Extension+UIView.swift in Sources */ = {isa = PBXBuildFile; fileRef = 63FD82AB281C1A32000CAB65 /* Extension+UIView.swift */; };
		63FD82AE281C237F000CAB65 /* TopHeaderUIView.swift in Sources */ = {isa = PBXBuildFile; fileRef = 63FD82AD281C237F000CAB65 /* TopHeaderUIView.swift */; };
		63FD82B3281C28D2000CAB65 /* products.json in Resources */ = {isa = PBXBuildFile; fileRef = 63FD82B2281C28D2000CAB65 /* products.json */; };
		63FD82B6281C362C000CAB65 /* RealmDataBase.swift in Sources */ = {isa = PBXBuildFile; fileRef = 63FD82B5281C362C000CAB65 /* RealmDataBase.swift */; };
		63FD82B8281C3686000CAB65 /* CartDbProtocol.swift in Sources */ = {isa = PBXBuildFile; fileRef = 63FD82B7281C3686000CAB65 /* CartDbProtocol.swift */; };
		63FD82BB281C3859000CAB65 /* RealmCartItem.swift in Sources */ = {isa = PBXBuildFile; fileRef = 63FD82BA281C3859000CAB65 /* RealmCartItem.swift */; };
		63FD82BD281C38EA000CAB65 /* CartItemModel.swift in Sources */ = {isa = PBXBuildFile; fileRef = 63FD82BC281C38EA000CAB65 /* CartItemModel.swift */; };
		CE89729973FC83A6A0CE648F /* Pods_Viper_ShoppingApp.framework in Frameworks */ = {isa = PBXBuildFile; fileRef = A23CC832EC168E9594BBBBEE /* Pods_Viper_ShoppingApp.framework */; };
/* End PBXBuildFile section */

/* Begin PBXFileReference section */
		15B67B5349EDE52B8513236C /* Pods-Viper-ShoppingApp.release.xcconfig */ = {isa = PBXFileReference; includeInIndex = 1; lastKnownFileType = text.xcconfig; name = "Pods-Viper-ShoppingApp.release.xcconfig"; path = "Target Support Files/Pods-Viper-ShoppingApp/Pods-Viper-ShoppingApp.release.xcconfig"; sourceTree = "<group>"; };
		63FD827C281C1383000CAB65 /* Viper-ShoppingApp.app */ = {isa = PBXFileReference; explicitFileType = wrapper.application; includeInIndex = 0; path = "Viper-ShoppingApp.app"; sourceTree = BUILT_PRODUCTS_DIR; };
		63FD827F281C1383000CAB65 /* AppDelegate.swift */ = {isa = PBXFileReference; lastKnownFileType = sourcecode.swift; path = AppDelegate.swift; sourceTree = "<group>"; };
		63FD8281281C1383000CAB65 /* SceneDelegate.swift */ = {isa = PBXFileReference; lastKnownFileType = sourcecode.swift; path = SceneDelegate.swift; sourceTree = "<group>"; };
		63FD8283281C1383000CAB65 /* HomeVC.swift */ = {isa = PBXFileReference; lastKnownFileType = sourcecode.swift; path = HomeVC.swift; sourceTree = "<group>"; };
		63FD8288281C1384000CAB65 /* Assets.xcassets */ = {isa = PBXFileReference; lastKnownFileType = folder.assetcatalog; path = Assets.xcassets; sourceTree = "<group>"; };
		63FD828D281C1384000CAB65 /* Info.plist */ = {isa = PBXFileReference; lastKnownFileType = text.plist.xml; path = Info.plist; sourceTree = "<group>"; };
		63FD829A281C1534000CAB65 /* HomeInteractor.swift */ = {isa = PBXFileReference; lastKnownFileType = sourcecode.swift; path = HomeInteractor.swift; sourceTree = "<group>"; };
		63FD829C281C1547000CAB65 /* HomePresenter.swift */ = {isa = PBXFileReference; lastKnownFileType = sourcecode.swift; path = HomePresenter.swift; sourceTree = "<group>"; };
		63FD829E281C1553000CAB65 /* HomeRouter.swift */ = {isa = PBXFileReference; lastKnownFileType = sourcecode.swift; path = HomeRouter.swift; sourceTree = "<group>"; };
		63FD82A0281C1564000CAB65 /* HomeBuilder.swift */ = {isa = PBXFileReference; lastKnownFileType = sourcecode.swift; path = HomeBuilder.swift; sourceTree = "<group>"; };
		63FD82A2281C1618000CAB65 /* NavigationBuilder.swift */ = {isa = PBXFileReference; lastKnownFileType = sourcecode.swift; path = NavigationBuilder.swift; sourceTree = "<group>"; };
		63FD82A4281C1823000CAB65 /* WebService.swift */ = {isa = PBXFileReference; lastKnownFileType = sourcecode.swift; path = WebService.swift; sourceTree = "<group>"; };
		63FD82A6281C1887000CAB65 /* GroceryModel.swift */ = {isa = PBXFileReference; lastKnownFileType = sourcecode.swift; path = GroceryModel.swift; sourceTree = "<group>"; };
		63FD82A9281C1A0E000CAB65 /* HomeTableCell.swift */ = {isa = PBXFileReference; lastKnownFileType = sourcecode.swift; path = HomeTableCell.swift; sourceTree = "<group>"; };
		63FD82AB281C1A32000CAB65 /* Extension+UIView.swift */ = {isa = PBXFileReference; lastKnownFileType = sourcecode.swift; path = "Extension+UIView.swift"; sourceTree = "<group>"; };
		63FD82AD281C237F000CAB65 /* TopHeaderUIView.swift */ = {isa = PBXFileReference; lastKnownFileType = sourcecode.swift; path = TopHeaderUIView.swift; sourceTree = "<group>"; };
		63FD82B2281C28D2000CAB65 /* products.json */ = {isa = PBXFileReference; fileEncoding = 4; lastKnownFileType = text.json; path = products.json; sourceTree = "<group>"; };
		63FD82B5281C362C000CAB65 /* RealmDataBase.swift */ = {isa = PBXFileReference; lastKnownFileType = sourcecode.swift; path = RealmDataBase.swift; sourceTree = "<group>"; };
		63FD82B7281C3686000CAB65 /* CartDbProtocol.swift */ = {isa = PBXFileReference; lastKnownFileType = sourcecode.swift; path = CartDbProtocol.swift; sourceTree = "<group>"; };
		63FD82BA281C3859000CAB65 /* RealmCartItem.swift */ = {isa = PBXFileReference; lastKnownFileType = sourcecode.swift; path = RealmCartItem.swift; sourceTree = "<group>"; };
		63FD82BC281C38EA000CAB65 /* CartItemModel.swift */ = {isa = PBXFileReference; lastKnownFileType = sourcecode.swift; path = CartItemModel.swift; sourceTree = "<group>"; };
		786F1F99D47E59928E1028A6 /* Pods-Viper-ShoppingApp.debug.xcconfig */ = {isa = PBXFileReference; includeInIndex = 1; lastKnownFileType = text.xcconfig; name = "Pods-Viper-ShoppingApp.debug.xcconfig"; path = "Target Support Files/Pods-Viper-ShoppingApp/Pods-Viper-ShoppingApp.debug.xcconfig"; sourceTree = "<group>"; };
		A23CC832EC168E9594BBBBEE /* Pods_Viper_ShoppingApp.framework */ = {isa = PBXFileReference; explicitFileType = wrapper.framework; includeInIndex = 0; path = Pods_Viper_ShoppingApp.framework; sourceTree = BUILT_PRODUCTS_DIR; };
/* End PBXFileReference section */

/* Begin PBXFrameworksBuildPhase section */
		63FD8279281C1383000CAB65 /* Frameworks */ = {
			isa = PBXFrameworksBuildPhase;
			buildActionMask = 2147483647;
			files = (
				CE89729973FC83A6A0CE648F /* Pods_Viper_ShoppingApp.framework in Frameworks */,
			);
			runOnlyForDeploymentPostprocessing = 0;
		};
/* End PBXFrameworksBuildPhase section */

/* Begin PBXGroup section */
		4EEC8352A3084D156F25E130 /* Pods */ = {
			isa = PBXGroup;
			children = (
				786F1F99D47E59928E1028A6 /* Pods-Viper-ShoppingApp.debug.xcconfig */,
				15B67B5349EDE52B8513236C /* Pods-Viper-ShoppingApp.release.xcconfig */,
			);
			path = Pods;
			sourceTree = "<group>";
		};
		63FD8273281C1383000CAB65 = {
			isa = PBXGroup;
			children = (
				63FD827E281C1383000CAB65 /* Viper-ShoppingApp */,
				63FD827D281C1383000CAB65 /* Products */,
				4EEC8352A3084D156F25E130 /* Pods */,
				B9110A2529A7A142ADD1BBB1 /* Frameworks */,
			);
			sourceTree = "<group>";
		};
		63FD827D281C1383000CAB65 /* Products */ = {
			isa = PBXGroup;
			children = (
				63FD827C281C1383000CAB65 /* Viper-ShoppingApp.app */,
			);
			name = Products;
			sourceTree = "<group>";
		};
		63FD827E281C1383000CAB65 /* Viper-ShoppingApp */ = {
			isa = PBXGroup;
			children = (
				63FD82B2281C28D2000CAB65 /* products.json */,
				63FD82BE281C4038000CAB65 /* Control */,
				63FD82B4281C3608000CAB65 /* DataBase */,
				63FD8296281C1418000CAB65 /* Navigation */,
				63FD8299281C14E8000CAB65 /* Network */,
				63FD8298281C14E1000CAB65 /* Extension */,
				63FD8297281C14DB000CAB65 /* Cells */,
				63FD8294281C1403000CAB65 /* Model */,
				63FD8293281C13FD000CAB65 /* Core */,
				63FD8295281C1409000CAB65 /* HomeModule */,
			);
			path = "Viper-ShoppingApp";
			sourceTree = "<group>";
		};
		63FD8293281C13FD000CAB65 /* Core */ = {
			isa = PBXGroup;
			children = (
				63FD827F281C1383000CAB65 /* AppDelegate.swift */,
				63FD8281281C1383000CAB65 /* SceneDelegate.swift */,
				63FD8288281C1384000CAB65 /* Assets.xcassets */,
				63FD828D281C1384000CAB65 /* Info.plist */,
			);
			path = Core;
			sourceTree = "<group>";
		};
		63FD8294281C1403000CAB65 /* Model */ = {
			isa = PBXGroup;
			children = (
				63FD82A6281C1887000CAB65 /* GroceryModel.swift */,
				63FD82BC281C38EA000CAB65 /* CartItemModel.swift */,
			);
			path = Model;
			sourceTree = "<group>";
		};
		63FD8295281C1409000CAB65 /* HomeModule */ = {
			isa = PBXGroup;
			children = (
				63FD8283281C1383000CAB65 /* HomeVC.swift */,
				63FD829A281C1534000CAB65 /* HomeInteractor.swift */,
				63FD829C281C1547000CAB65 /* HomePresenter.swift */,
				63FD829E281C1553000CAB65 /* HomeRouter.swift */,
				63FD82A0281C1564000CAB65 /* HomeBuilder.swift */,
			);
			path = HomeModule;
			sourceTree = "<group>";
		};
		63FD8296281C1418000CAB65 /* Navigation */ = {
			isa = PBXGroup;
			children = (
				63FD82A2281C1618000CAB65 /* NavigationBuilder.swift */,
			);
			path = Navigation;
			sourceTree = "<group>";
		};
		63FD8297281C14DB000CAB65 /* Cells */ = {
			isa = PBXGroup;
			children = (
				63FD82A8281C19FD000CAB65 /* HomeCells */,
			);
			path = Cells;
			sourceTree = "<group>";
		};
		63FD8298281C14E1000CAB65 /* Extension */ = {
			isa = PBXGroup;
			children = (
				63FD82AB281C1A32000CAB65 /* Extension+UIView.swift */,
			);
			path = Extension;
			sourceTree = "<group>";
		};
		63FD8299281C14E8000CAB65 /* Network */ = {
			isa = PBXGroup;
			children = (
				63FD82A4281C1823000CAB65 /* WebService.swift */,
			);
			path = Network;
			sourceTree = "<group>";
		};
		63FD82A8281C19FD000CAB65 /* HomeCells */ = {
			isa = PBXGroup;
			children = (
				63FD82A9281C1A0E000CAB65 /* HomeTableCell.swift */,
				63FD82AD281C237F000CAB65 /* TopHeaderUIView.swift */,
			);
			path = HomeCells;
			sourceTree = "<group>";
		};
		63FD82B4281C3608000CAB65 /* DataBase */ = {
			isa = PBXGroup;
			children = (
				63FD82B9281C3761000CAB65 /* Entity */,
				63FD82B5281C362C000CAB65 /* RealmDataBase.swift */,
				63FD82B7281C3686000CAB65 /* CartDbProtocol.swift */,
			);
			path = DataBase;
			sourceTree = "<group>";
		};
		63FD82B9281C3761000CAB65 /* Entity */ = {
			isa = PBXGroup;
			children = (
				63FD82BA281C3859000CAB65 /* RealmCartItem.swift */,
			);
			path = Entity;
			sourceTree = "<group>";
		};
		63FD82BE281C4038000CAB65 /* Control */ = {
			isa = PBXGroup;
			children = (
			);
			path = Control;
			sourceTree = "<group>";
		};
		B9110A2529A7A142ADD1BBB1 /* Frameworks */ = {
			isa = PBXGroup;
			children = (
				A23CC832EC168E9594BBBBEE /* Pods_Viper_ShoppingApp.framework */,
			);
			name = Frameworks;
			sourceTree = "<group>";
		};
/* End PBXGroup section */

/* Begin PBXNativeTarget section */
		63FD827B281C1383000CAB65 /* Viper-ShoppingApp */ = {
			isa = PBXNativeTarget;
			buildConfigurationList = 63FD8290281C1384000CAB65 /* Build configuration list for PBXNativeTarget "Viper-ShoppingApp" */;
			buildPhases = (
				D13B452B0FFB113CAF6DAA77 /* [CP] Check Pods Manifest.lock */,
				63FD8278281C1383000CAB65 /* Sources */,
				63FD8279281C1383000CAB65 /* Frameworks */,
				63FD827A281C1383000CAB65 /* Resources */,
				4F3FE90A3ADF7447799A2A4D /* [CP] Embed Pods Frameworks */,
			);
			buildRules = (
			);
			dependencies = (
			);
			name = "Viper-ShoppingApp";
			productName = "Viper-ShoppingApp";
			productReference = 63FD827C281C1383000CAB65 /* Viper-ShoppingApp.app */;
			productType = "com.apple.product-type.application";
		};
/* End PBXNativeTarget section */

/* Begin PBXProject section */
		63FD8274281C1383000CAB65 /* Project object */ = {
			isa = PBXProject;
			attributes = {
				BuildIndependentTargetsInParallel = 1;
				LastSwiftUpdateCheck = 1320;
				LastUpgradeCheck = 1320;
				TargetAttributes = {
					63FD827B281C1383000CAB65 = {
						CreatedOnToolsVersion = 13.2.1;
					};
				};
			};
			buildConfigurationList = 63FD8277281C1383000CAB65 /* Build configuration list for PBXProject "Viper-ShoppingApp" */;
			compatibilityVersion = "Xcode 13.0";
			developmentRegion = en;
			hasScannedForEncodings = 0;
			knownRegions = (
				en,
				Base,
			);
			mainGroup = 63FD8273281C1383000CAB65;
			productRefGroup = 63FD827D281C1383000CAB65 /* Products */;
			projectDirPath = "";
			projectRoot = "";
			targets = (
				63FD827B281C1383000CAB65 /* Viper-ShoppingApp */,
			);
		};
/* End PBXProject section */

/* Begin PBXResourcesBuildPhase section */
		63FD827A281C1383000CAB65 /* Resources */ = {
			isa = PBXResourcesBuildPhase;
			buildActionMask = 2147483647;
			files = (
				63FD8289281C1384000CAB65 /* Assets.xcassets in Resources */,
				63FD82B3281C28D2000CAB65 /* products.json in Resources */,
			);
			runOnlyForDeploymentPostprocessing = 0;
		};
/* End PBXResourcesBuildPhase section */

/* Begin PBXShellScriptBuildPhase section */
		4F3FE90A3ADF7447799A2A4D /* [CP] Embed Pods Frameworks */ = {
			isa = PBXShellScriptBuildPhase;
			buildActionMask = 2147483647;
			files = (
			);
			inputFileListPaths = (
				"${PODS_ROOT}/Target Support Files/Pods-Viper-ShoppingApp/Pods-Viper-ShoppingApp-frameworks-${CONFIGURATION}-input-files.xcfilelist",
			);
			name = "[CP] Embed Pods Frameworks";
			outputFileListPaths = (
				"${PODS_ROOT}/Target Support Files/Pods-Viper-ShoppingApp/Pods-Viper-ShoppingApp-frameworks-${CONFIGURATION}-output-files.xcfilelist",
			);
			runOnlyForDeploymentPostprocessing = 0;
			shellPath = /bin/sh;
			shellScript = "\"${PODS_ROOT}/Target Support Files/Pods-Viper-ShoppingApp/Pods-Viper-ShoppingApp-frameworks.sh\"\n";
			showEnvVarsInLog = 0;
		};
		D13B452B0FFB113CAF6DAA77 /* [CP] Check Pods Manifest.lock */ = {
			isa = PBXShellScriptBuildPhase;
			buildActionMask = 2147483647;
			files = (
			);
			inputFileListPaths = (
			);
			inputPaths = (
				"${PODS_PODFILE_DIR_PATH}/Podfile.lock",
				"${PODS_ROOT}/Manifest.lock",
			);
			name = "[CP] Check Pods Manifest.lock";
			outputFileListPaths = (
			);
			outputPaths = (
				"$(DERIVED_FILE_DIR)/Pods-Viper-ShoppingApp-checkManifestLockResult.txt",
			);
			runOnlyForDeploymentPostprocessing = 0;
			shellPath = /bin/sh;
			shellScript = "diff \"${PODS_PODFILE_DIR_PATH}/Podfile.lock\" \"${PODS_ROOT}/Manifest.lock\" > /dev/null\nif [ $? != 0 ] ; then\n    # print error to STDERR\n    echo \"error: The sandbox is not in sync with the Podfile.lock. Run 'pod install' or update your CocoaPods installation.\" >&2\n    exit 1\nfi\n# This output is used by Xcode 'outputs' to avoid re-running this script phase.\necho \"SUCCESS\" > \"${SCRIPT_OUTPUT_FILE_0}\"\n";
			showEnvVarsInLog = 0;
		};
/* End PBXShellScriptBuildPhase section */

/* Begin PBXSourcesBuildPhase section */
		63FD8278281C1383000CAB65 /* Sources */ = {
			isa = PBXSourcesBuildPhase;
			buildActionMask = 2147483647;
			files = (
				63FD82AA281C1A0E000CAB65 /* HomeTableCell.swift in Sources */,
				63FD82A5281C1823000CAB65 /* WebService.swift in Sources */,
				63FD82B6281C362C000CAB65 /* RealmDataBase.swift in Sources */,
				63FD82AC281C1A32000CAB65 /* Extension+UIView.swift in Sources */,
				63FD82A7281C1887000CAB65 /* GroceryModel.swift in Sources */,
				63FD8284281C1383000CAB65 /* HomeVC.swift in Sources */,
				63FD82A3281C1618000CAB65 /* NavigationBuilder.swift in Sources */,
				63FD82AE281C237F000CAB65 /* TopHeaderUIView.swift in Sources */,
				63FD82BB281C3859000CAB65 /* RealmCartItem.swift in Sources */,
				63FD829F281C1553000CAB65 /* HomeRouter.swift in Sources */,
				63FD8280281C1383000CAB65 /* AppDelegate.swift in Sources */,
				63FD82A1281C1564000CAB65 /* HomeBuilder.swift in Sources */,
				63FD82BD281C38EA000CAB65 /* CartItemModel.swift in Sources */,
				63FD8282281C1383000CAB65 /* SceneDelegate.swift in Sources */,
				63FD82B8281C3686000CAB65 /* CartDbProtocol.swift in Sources */,
				63FD829D281C1547000CAB65 /* HomePresenter.swift in Sources */,
				63FD829B281C1534000CAB65 /* HomeInteractor.swift in Sources */,
			);
			runOnlyForDeploymentPostprocessing = 0;
		};
/* End PBXSourcesBuildPhase section */

/* Begin XCBuildConfiguration section */
		63FD828E281C1384000CAB65 /* Debug */ = {
			isa = XCBuildConfiguration;
			buildSettings = {
				ALWAYS_SEARCH_USER_PATHS = NO;
				CLANG_ANALYZER_NONNULL = YES;
				CLANG_ANALYZER_NUMBER_OBJECT_CONVERSION = YES_AGGRESSIVE;
				CLANG_CXX_LANGUAGE_STANDARD = "gnu++17";
				CLANG_CXX_LIBRARY = "libc++";
				CLANG_ENABLE_MODULES = YES;
				CLANG_ENABLE_OBJC_ARC = YES;
				CLANG_ENABLE_OBJC_WEAK = YES;
				CLANG_WARN_BLOCK_CAPTURE_AUTORELEASING = YES;
				CLANG_WARN_BOOL_CONVERSION = YES;
				CLANG_WARN_COMMA = YES;
				CLANG_WARN_CONSTANT_CONVERSION = YES;
				CLANG_WARN_DEPRECATED_OBJC_IMPLEMENTATIONS = YES;
				CLANG_WARN_DIRECT_OBJC_ISA_USAGE = YES_ERROR;
				CLANG_WARN_DOCUMENTATION_COMMENTS = YES;
				CLANG_WARN_EMPTY_BODY = YES;
				CLANG_WARN_ENUM_CONVERSION = YES;
				CLANG_WARN_INFINITE_RECURSION = YES;
				CLANG_WARN_INT_CONVERSION = YES;
				CLANG_WARN_NON_LITERAL_NULL_CONVERSION = YES;
				CLANG_WARN_OBJC_IMPLICIT_RETAIN_SELF = YES;
				CLANG_WARN_OBJC_LITERAL_CONVERSION = YES;
				CLANG_WARN_OBJC_ROOT_CLASS = YES_ERROR;
				CLANG_WARN_QUOTED_INCLUDE_IN_FRAMEWORK_HEADER = YES;
				CLANG_WARN_RANGE_LOOP_ANALYSIS = YES;
				CLANG_WARN_STRICT_PROTOTYPES = YES;
				CLANG_WARN_SUSPICIOUS_MOVE = YES;
				CLANG_WARN_UNGUARDED_AVAILABILITY = YES_AGGRESSIVE;
				CLANG_WARN_UNREACHABLE_CODE = YES;
				CLANG_WARN__DUPLICATE_METHOD_MATCH = YES;
				COPY_PHASE_STRIP = NO;
				DEBUG_INFORMATION_FORMAT = dwarf;
				ENABLE_STRICT_OBJC_MSGSEND = YES;
				ENABLE_TESTABILITY = YES;
				GCC_C_LANGUAGE_STANDARD = gnu11;
				GCC_DYNAMIC_NO_PIC = NO;
				GCC_NO_COMMON_BLOCKS = YES;
				GCC_OPTIMIZATION_LEVEL = 0;
				GCC_PREPROCESSOR_DEFINITIONS = (
					"DEBUG=1",
					"$(inherited)",
				);
				GCC_WARN_64_TO_32_BIT_CONVERSION = YES;
				GCC_WARN_ABOUT_RETURN_TYPE = YES_ERROR;
				GCC_WARN_UNDECLARED_SELECTOR = YES;
				GCC_WARN_UNINITIALIZED_AUTOS = YES_AGGRESSIVE;
				GCC_WARN_UNUSED_FUNCTION = YES;
				GCC_WARN_UNUSED_VARIABLE = YES;
				IPHONEOS_DEPLOYMENT_TARGET = 15.2;
				MTL_ENABLE_DEBUG_INFO = INCLUDE_SOURCE;
				MTL_FAST_MATH = YES;
				ONLY_ACTIVE_ARCH = YES;
				SDKROOT = iphoneos;
				SWIFT_ACTIVE_COMPILATION_CONDITIONS = DEBUG;
				SWIFT_OPTIMIZATION_LEVEL = "-Onone";
			};
			name = Debug;
		};
		63FD828F281C1384000CAB65 /* Release */ = {
			isa = XCBuildConfiguration;
			buildSettings = {
				ALWAYS_SEARCH_USER_PATHS = NO;
				CLANG_ANALYZER_NONNULL = YES;
				CLANG_ANALYZER_NUMBER_OBJECT_CONVERSION = YES_AGGRESSIVE;
				CLANG_CXX_LANGUAGE_STANDARD = "gnu++17";
				CLANG_CXX_LIBRARY = "libc++";
				CLANG_ENABLE_MODULES = YES;
				CLANG_ENABLE_OBJC_ARC = YES;
				CLANG_ENABLE_OBJC_WEAK = YES;
				CLANG_WARN_BLOCK_CAPTURE_AUTORELEASING = YES;
				CLANG_WARN_BOOL_CONVERSION = YES;
				CLANG_WARN_COMMA = YES;
				CLANG_WARN_CONSTANT_CONVERSION = YES;
				CLANG_WARN_DEPRECATED_OBJC_IMPLEMENTATIONS = YES;
				CLANG_WARN_DIRECT_OBJC_ISA_USAGE = YES_ERROR;
				CLANG_WARN_DOCUMENTATION_COMMENTS = YES;
				CLANG_WARN_EMPTY_BODY = YES;
				CLANG_WARN_ENUM_CONVERSION = YES;
				CLANG_WARN_INFINITE_RECURSION = YES;
				CLANG_WARN_INT_CONVERSION = YES;
				CLANG_WARN_NON_LITERAL_NULL_CONVERSION = YES;
				CLANG_WARN_OBJC_IMPLICIT_RETAIN_SELF = YES;
				CLANG_WARN_OBJC_LITERAL_CONVERSION = YES;
				CLANG_WARN_OBJC_ROOT_CLASS = YES_ERROR;
				CLANG_WARN_QUOTED_INCLUDE_IN_FRAMEWORK_HEADER = YES;
				CLANG_WARN_RANGE_LOOP_ANALYSIS = YES;
				CLANG_WARN_STRICT_PROTOTYPES = YES;
				CLANG_WARN_SUSPICIOUS_MOVE = YES;
				CLANG_WARN_UNGUARDED_AVAILABILITY = YES_AGGRESSIVE;
				CLANG_WARN_UNREACHABLE_CODE = YES;
				CLANG_WARN__DUPLICATE_METHOD_MATCH = YES;
				COPY_PHASE_STRIP = NO;
				DEBUG_INFORMATION_FORMAT = "dwarf-with-dsym";
				ENABLE_NS_ASSERTIONS = NO;
				ENABLE_STRICT_OBJC_MSGSEND = YES;
				GCC_C_LANGUAGE_STANDARD = gnu11;
				GCC_NO_COMMON_BLOCKS = YES;
				GCC_WARN_64_TO_32_BIT_CONVERSION = YES;
				GCC_WARN_ABOUT_RETURN_TYPE = YES_ERROR;
				GCC_WARN_UNDECLARED_SELECTOR = YES;
				GCC_WARN_UNINITIALIZED_AUTOS = YES_AGGRESSIVE;
				GCC_WARN_UNUSED_FUNCTION = YES;
				GCC_WARN_UNUSED_VARIABLE = YES;
				IPHONEOS_DEPLOYMENT_TARGET = 15.2;
				MTL_ENABLE_DEBUG_INFO = NO;
				MTL_FAST_MATH = YES;
				SDKROOT = iphoneos;
				SWIFT_COMPILATION_MODE = wholemodule;
				SWIFT_OPTIMIZATION_LEVEL = "-O";
				VALIDATE_PRODUCT = YES;
			};
			name = Release;
		};
		63FD8291281C1384000CAB65 /* Debug */ = {
			isa = XCBuildConfiguration;
			baseConfigurationReference = 786F1F99D47E59928E1028A6 /* Pods-Viper-ShoppingApp.debug.xcconfig */;
			buildSettings = {
				ASSETCATALOG_COMPILER_APPICON_NAME = AppIcon;
				ASSETCATALOG_COMPILER_GLOBAL_ACCENT_COLOR_NAME = AccentColor;
				CODE_SIGN_STYLE = Automatic;
				CURRENT_PROJECT_VERSION = 1;
				DEVELOPMENT_TEAM = YW89A2JD7V;
				GENERATE_INFOPLIST_FILE = YES;
				INFOPLIST_FILE = "Viper-ShoppingApp/Core/Info.plist";
				INFOPLIST_KEY_UIApplicationSupportsIndirectInputEvents = YES;
				INFOPLIST_KEY_UILaunchStoryboardName = LaunchScreen;
				INFOPLIST_KEY_UISupportedInterfaceOrientations_iPad = "UIInterfaceOrientationPortrait UIInterfaceOrientationPortraitUpsideDown UIInterfaceOrientationLandscapeLeft UIInterfaceOrientationLandscapeRight";
				INFOPLIST_KEY_UISupportedInterfaceOrientations_iPhone = "UIInterfaceOrientationPortrait UIInterfaceOrientationLandscapeLeft UIInterfaceOrientationLandscapeRight";
				IPHONEOS_DEPLOYMENT_TARGET = 15.2;
				LD_RUNPATH_SEARCH_PATHS = (
					"$(inherited)",
					"@executable_path/Frameworks",
				);
				MARKETING_VERSION = 1.0;
				PRODUCT_BUNDLE_IDENTIFIER = "com.ugurhmz.Viper-ShoppingApp";
				PRODUCT_NAME = "$(TARGET_NAME)";
				SWIFT_EMIT_LOC_STRINGS = YES;
				SWIFT_VERSION = 5.0;
				TARGETED_DEVICE_FAMILY = "1,2";
			};
			name = Debug;
		};
		63FD8292281C1384000CAB65 /* Release */ = {
			isa = XCBuildConfiguration;
			baseConfigurationReference = 15B67B5349EDE52B8513236C /* Pods-Viper-ShoppingApp.release.xcconfig */;
			buildSettings = {
				ASSETCATALOG_COMPILER_APPICON_NAME = AppIcon;
				ASSETCATALOG_COMPILER_GLOBAL_ACCENT_COLOR_NAME = AccentColor;
				CODE_SIGN_STYLE = Automatic;
				CURRENT_PROJECT_VERSION = 1;
				DEVELOPMENT_TEAM = YW89A2JD7V;
				GENERATE_INFOPLIST_FILE = YES;
				INFOPLIST_FILE = "Viper-ShoppingApp/Core/Info.plist";
				INFOPLIST_KEY_UIApplicationSupportsIndirectInputEvents = YES;
				INFOPLIST_KEY_UILaunchStoryboardName = LaunchScreen;
				INFOPLIST_KEY_UISupportedInterfaceOrientations_iPad = "UIInterfaceOrientationPortrait UIInterfaceOrientationPortraitUpsideDown UIInterfaceOrientationLandscapeLeft UIInterfaceOrientationLandscapeRight";
				INFOPLIST_KEY_UISupportedInterfaceOrientations_iPhone = "UIInterfaceOrientationPortrait UIInterfaceOrientationLandscapeLeft UIInterfaceOrientationLandscapeRight";
				IPHONEOS_DEPLOYMENT_TARGET = 15.2;
				LD_RUNPATH_SEARCH_PATHS = (
					"$(inherited)",
					"@executable_path/Frameworks",
				);
				MARKETING_VERSION = 1.0;
				PRODUCT_BUNDLE_IDENTIFIER = "com.ugurhmz.Viper-ShoppingApp";
				PRODUCT_NAME = "$(TARGET_NAME)";
				SWIFT_EMIT_LOC_STRINGS = YES;
				SWIFT_VERSION = 5.0;
				TARGETED_DEVICE_FAMILY = "1,2";
			};
			name = Release;
		};
/* End XCBuildConfiguration section */

/* Begin XCConfigurationList section */
		63FD8277281C1383000CAB65 /* Build configuration list for PBXProject "Viper-ShoppingApp" */ = {
			isa = XCConfigurationList;
			buildConfigurations = (
				63FD828E281C1384000CAB65 /* Debug */,
				63FD828F281C1384000CAB65 /* Release */,
			);
			defaultConfigurationIsVisible = 0;
			defaultConfigurationName = Release;
		};
		63FD8290281C1384000CAB65 /* Build configuration list for PBXNativeTarget "Viper-ShoppingApp" */ = {
			isa = XCConfigurationList;
			buildConfigurations = (
				63FD8291281C1384000CAB65 /* Debug */,
				63FD8292281C1384000CAB65 /* Release */,
			);
			defaultConfigurationIsVisible = 0;
			defaultConfigurationName = Release;
		};
/* End XCConfigurationList section */
	};
	rootObject = 63FD8274281C1383000CAB65 /* Project object */;
}
